{
  "object": {
    "pins": [
      {
        "package": "AudioKit",
        "repositoryURL": "https://github.com/AudioKit/AudioKit",
        "state": {
          "branch": "main",
          "revision": "29dbb5aa746c28592d0f36d5d32a4f5f2c135144",
          "version": null
        }
      },
      {
        "package": "MuMenu",
        "repositoryURL": "https://github.com/musesum/MuMenu",
        "state": {
          "branch": "main",
          "revision": "f3a3f07600134361171a5f45fdc58e2306acd3cb",
          "version": null
        }
      },
      {
        "package": "MuMenuSky",
        "repositoryURL": "https://github.com/musesum/MuMenuSky",
        "state": {
          "branch": "main",
          "revision": "806291f22f3f244287f64c6b7ce81d03711b1614",
          "version": null
        }
      },
      {
        "package": "Par",
        "repositoryURL": "https://github.com/musesum/Par.git",
        "state": {
          "branch": null,
          "revision": "71141072e17c33491f854fe98cf4b748f0419bd7",
          "version": "0.2.31"
        }
      },
      {
        "package": "swift-collections",
        "repositoryURL": "https://github.com/apple/swift-collections.git",
        "state": {
          "branch": null,
          "revision": "48254824bb4248676bf7ce56014ff57b142b77eb",
          "version": "1.0.2"
        }
      },
      {
        "package": "ZIPFoundation",
        "repositoryURL": "https://github.com/weichsel/ZIPFoundation/",
        "state": {
          "branch": null,
          "revision": "7254c74b49cec2cb81520523ba993c671f71b066",
          "version": "0.9.14"
        }
      }
    ]
  },
  "version": 1
}
