{
  "pins" : [
    {
      "identity" : "audiokit",
      "kind" : "remoteSourceControl",
      "location" : "https://github.com/AudioKit/AudioKit",
      "state" : {
        "branch" : "main",
        "revision" : "4b95fc464e007eccadd6a4dfd291de1e744c41a0"
      }
    },
    {
      "identity" : "par",
      "kind" : "remoteSourceControl",
      "location" : "https://github.com/musesum/Par.git",
      "state" : {
        "revision" : "71141072e17c33491f854fe98cf4b748f0419bd7",
        "version" : "0.2.31"
      }
    },
    {
      "identity" : "tr3",
      "kind" : "remoteSourceControl",
      "location" : "https://github.com/musesum/Tr3",
      "state" : {
        "revision" : "99f795bd8ab011c22deeac5413dd5d2d1a9830fa",
        "version" : "0.3.0"
      }
    },
    {
      "identity" : "zipfoundation",
      "kind" : "remoteSourceControl",
      "location" : "https://github.com/weichsel/ZIPFoundation/",
      "state" : {
        "revision" : "7254c74b49cec2cb81520523ba993c671f71b066",
        "version" : "0.9.14"
      }
    }
  ],
  "version" : 2
}
