// !$*UTF8*$!
{
	archiveVersion = 1;
	classes = {
	};
	objectVersion = 52;
	objects = {

/* Begin PBXBuildFile section */
		8017909528A219FF0013F48A /* MuMenuSky in Frameworks */ = {isa = PBXBuildFile; productRef = 8017909428A219FF0013F48A /* MuMenuSky */; };
		802C5BD0265AEC6000DBFFEA /* Par in Frameworks */ = {isa = PBXBuildFile; productRef = 802C5BCF265AEC6000DBFFEA /* Par */; };
		8061DE0B2938A8780098F309 /* MenuSkyView.swift in Sources */ = {isa = PBXBuildFile; fileRef = 8061DE0A2938A8780098F309 /* MenuSkyView.swift */; };
		8061DE0D2938A8A50098F309 /* MenuSkyVms.swift in Sources */ = {isa = PBXBuildFile; fileRef = 8061DE0C2938A8A50098F309 /* MenuSkyVms.swift */; };
		8068B7EA2945C38400D15584 /* TouchViewRepresentable.swift in Sources */ = {isa = PBXBuildFile; fileRef = 8068B7E92945C38400D15584 /* TouchViewRepresentable.swift */; };
		8068B7EC2945D1B200D15584 /* TouchView+Peers.swift in Sources */ = {isa = PBXBuildFile; fileRef = 8068B7EB2945D1B200D15584 /* TouchView+Peers.swift */; };
		80703D3D23A04F570093C016 /* cell.camix.metal in Sources */ = {isa = PBXBuildFile; fileRef = 80703D3C23A04F570093C016 /* cell.camix.metal */; };
		807048EB23378A090001617D /* AppDelegate.swift in Sources */ = {isa = PBXBuildFile; fileRef = 807048EA23378A090001617D /* AppDelegate.swift */; };
		8070490223378A0B0001617D /* MuseSkyTests.swift in Sources */ = {isa = PBXBuildFile; fileRef = 8070490123378A0B0001617D /* MuseSkyTests.swift */; };
		8070490D23378A0B0001617D /* MuseSkyUITests.swift in Sources */ = {isa = PBXBuildFile; fileRef = 8070490C23378A0B0001617D /* MuseSkyUITests.swift */; };
		807049ED23378ADC0001617D /* SkyTr3.swift in Sources */ = {isa = PBXBuildFile; fileRef = 8070495C23378ADB0001617D /* SkyTr3.swift */; };
		807049EE23378ADC0001617D /* cell.fred.metal in Sources */ = {isa = PBXBuildFile; fileRef = 8070495F23378ADB0001617D /* cell.fred.metal */; };
		807049EF23378ADC0001617D /* cell.ave.metal in Sources */ = {isa = PBXBuildFile; fileRef = 8070496023378ADB0001617D /* cell.ave.metal */; };
		807049F023378ADC0001617D /* cell.mod.metal in Sources */ = {isa = PBXBuildFile; fileRef = 8070496123378ADB0001617D /* cell.mod.metal */; };
		807049F123378ADC0001617D /* cell.fade.metal in Sources */ = {isa = PBXBuildFile; fileRef = 8070496223378ADB0001617D /* cell.fade.metal */; };
		807049F223378ADC0001617D /* pipe.color.metal in Sources */ = {isa = PBXBuildFile; fileRef = 8070496323378ADB0001617D /* pipe.color.metal */; };
		807049F323378ADC0001617D /* cell.tunl.metal in Sources */ = {isa = PBXBuildFile; fileRef = 8070496423378ADB0001617D /* cell.tunl.metal */; };
		807049F423378ADC0001617D /* cell.erode.metal in Sources */ = {isa = PBXBuildFile; fileRef = 8070496523378ADB0001617D /* cell.erode.metal */; };
		807049F523378ADC0001617D /* cell.zha.metal in Sources */ = {isa = PBXBuildFile; fileRef = 8070496623378ADB0001617D /* cell.zha.metal */; };
		807049F623378ADC0001617D /* pipe.draw.metal in Sources */ = {isa = PBXBuildFile; fileRef = 8070496723378ADB0001617D /* pipe.draw.metal */; };
		807049F723378ADC0001617D /* cell.melt.metal in Sources */ = {isa = PBXBuildFile; fileRef = 8070496823378ADB0001617D /* cell.melt.metal */; };
		807049F823378ADC0001617D /* pipe.render.metal in Sources */ = {isa = PBXBuildFile; fileRef = 8070496923378ADB0001617D /* pipe.render.metal */; };
		807049F923378ADC0001617D /* cell.slide.metal in Sources */ = {isa = PBXBuildFile; fileRef = 8070496A23378ADB0001617D /* cell.slide.metal */; };
		807049FA23378ADC0001617D /* TouchView.swift in Sources */ = {isa = PBXBuildFile; fileRef = 8070496C23378ADB0001617D /* TouchView.swift */; };
		807049FB23378ADC0001617D /* TouchCanvas.swift in Sources */ = {isa = PBXBuildFile; fileRef = 8070496D23378ADB0001617D /* TouchCanvas.swift */; };
		807049FD23378ADC0001617D /* TouchCanvasItem.swift in Sources */ = {isa = PBXBuildFile; fileRef = 8070496F23378ADB0001617D /* TouchCanvasItem.swift */; };
		807049FE23378ADC0001617D /* TouchDraw.swift in Sources */ = {isa = PBXBuildFile; fileRef = 8070497023378ADB0001617D /* TouchDraw.swift */; };
		80704A0023378ADC0001617D /* SkyWorkLink.swift in Sources */ = {isa = PBXBuildFile; fileRef = 8070497223378ADB0001617D /* SkyWorkLink.swift */; };
		80704A0123378ADC0001617D /* SkyPipeline.swift in Sources */ = {isa = PBXBuildFile; fileRef = 8070497323378ADB0001617D /* SkyPipeline.swift */; };
		80704A0223378ADC0001617D /* SkyVC.swift in Sources */ = {isa = PBXBuildFile; fileRef = 8070497423378ADB0001617D /* SkyVC.swift */; };
		80704A0323378ADC0001617D /* SkyMetal.swift in Sources */ = {isa = PBXBuildFile; fileRef = 8070497523378ADB0001617D /* SkyMetal.swift */; };
		80704A0523378ADC0001617D /* SkyMain.swift in Sources */ = {isa = PBXBuildFile; fileRef = 8070497723378ADB0001617D /* SkyMain.swift */; };
		80704A0623378ADC0001617D /* SkyColor.swift in Sources */ = {isa = PBXBuildFile; fileRef = 8070497823378ADB0001617D /* SkyColor.swift */; };
		80704A7923378C1B0001617D /* Metal.framework in Frameworks */ = {isa = PBXBuildFile; fileRef = 80704A7723378C1A0001617D /* Metal.framework */; };
		80704A7A23378C1B0001617D /* MetalKit.framework in Frameworks */ = {isa = PBXBuildFile; fileRef = 80704A7823378C1B0001617D /* MetalKit.framework */; };
		80704B3C23378DB40001617D /* Tr3 in Frameworks */ = {isa = PBXBuildFile; productRef = 80704B3B23378DB40001617D /* Tr3 */; };
		80892A0D26A9D6B300332A15 /* MuAudio.swift in Sources */ = {isa = PBXBuildFile; fileRef = 80892A0C26A9D6B300332A15 /* MuAudio.swift */; };
		808E90DC2338B4D0004EB9C9 /* ZIPFoundation in Frameworks */ = {isa = PBXBuildFile; productRef = 808E90DB2338B4D0004EB9C9 /* ZIPFoundation */; };
		80951DA823A1AA2700FB9DFA /* SkyPipeline+update.swift in Sources */ = {isa = PBXBuildFile; fileRef = 80951DA723A1AA2700FB9DFA /* SkyPipeline+update.swift */; };
		80B70CC42576ACDE007BAAA8 /* AudioKit in Frameworks */ = {isa = PBXBuildFile; productRef = 80B70CC32576ACDE007BAAA8 /* AudioKit */; };
		80BDD7CA28919CF000C6E2BF /* MuMenu in Frameworks */ = {isa = PBXBuildFile; productRef = 80BDD7C928919CF000C6E2BF /* MuMenu */; };
		80BFB8CE2939CDDC00BDEE1F /* Main.storyboard in Resources */ = {isa = PBXBuildFile; fileRef = 80DC21862337ADB000B99CD9 /* Main.storyboard */; };
		80BFB8CF2939CEAB00BDEE1F /* SceneDelegate.swift in Sources */ = {isa = PBXBuildFile; fileRef = 807048EC23378A090001617D /* SceneDelegate.swift */; };
		80C3D8F82964104A00EBB0A3 /* TouchMenuLocal.swift in Sources */ = {isa = PBXBuildFile; fileRef = 80C3D8F72964104A00EBB0A3 /* TouchMenuLocal.swift */; };
		80D5EA8B2914DDE800C619BE /* MuMidiListener.swift in Sources */ = {isa = PBXBuildFile; fileRef = 80D5EA8A2914DDE800C619BE /* MuMidiListener.swift */; };
		80D5EA8D2914DE1F00C619BE /* MidiTr3.swift in Sources */ = {isa = PBXBuildFile; fileRef = 80D5EA8C2914DE1F00C619BE /* MidiTr3.swift */; };
		80D5EA8F2914DE7500C619BE /* MidiLog.swift in Sources */ = {isa = PBXBuildFile; fileRef = 80D5EA8E2914DE7500C619BE /* MidiLog.swift */; };
		80DC21872337ADB000B99CD9 /* LaunchScreen.storyboard in Resources */ = {isa = PBXBuildFile; fileRef = 80DC21852337ADB000B99CD9 /* LaunchScreen.storyboard */; };
		80DC21892337AE9300B99CD9 /* Assets.xcassets in Resources */ = {isa = PBXBuildFile; fileRef = 80DC21842337ACFB00B99CD9 /* Assets.xcassets */; };
		80E95AAA29167B91003F6360 /* ColorSplice.swift in Sources */ = {isa = PBXBuildFile; fileRef = 80E95AA529167B91003F6360 /* ColorSplice.swift */; };
		80E95AAB29167B91003F6360 /* ColorRgb.swift in Sources */ = {isa = PBXBuildFile; fileRef = 80E95AA629167B91003F6360 /* ColorRgb.swift */; };
		80E95AAC29167B91003F6360 /* ColorHsv.swift in Sources */ = {isa = PBXBuildFile; fileRef = 80E95AA729167B91003F6360 /* ColorHsv.swift */; };
		80E95AAD29167B91003F6360 /* ColorSet.swift in Sources */ = {isa = PBXBuildFile; fileRef = 80E95AA829167B91003F6360 /* ColorSet.swift */; };
		80E95AAE29167B91003F6360 /* MuColor.swift in Sources */ = {isa = PBXBuildFile; fileRef = 80E95AA929167B91003F6360 /* MuColor.swift */; };
		80E95AB629167CC7003F6360 /* CubicInterval.swift in Sources */ = {isa = PBXBuildFile; fileRef = 80E95AB029167CC7003F6360 /* CubicInterval.swift */; };
		80E95AB729167CC7003F6360 /* CubicPoints.swift in Sources */ = {isa = PBXBuildFile; fileRef = 80E95AB129167CC7003F6360 /* CubicPoints.swift */; };
		80E95AB829167CC7003F6360 /* CubicPoly.swift in Sources */ = {isa = PBXBuildFile; fileRef = 80E95AB229167CC7003F6360 /* CubicPoly.swift */; };
		80E95AB929167CC7003F6360 /* CubicQuad.swift in Sources */ = {isa = PBXBuildFile; fileRef = 80E95AB329167CC7003F6360 /* CubicQuad.swift */; };
		80E95ABA29167CC7003F6360 /* CubicXY.swift in Sources */ = {isa = PBXBuildFile; fileRef = 80E95AB429167CC7003F6360 /* CubicXY.swift */; };
		80E95ABB29167CC7003F6360 /* CubicXYR.swift in Sources */ = {isa = PBXBuildFile; fileRef = 80E95AB529167CC7003F6360 /* CubicXYR.swift */; };
		80E95ACF29167D3D003F6360 /* MtlNode+Insert.swift in Sources */ = {isa = PBXBuildFile; fileRef = 80E95ABD29167D3D003F6360 /* MtlNode+Insert.swift */; };
		80E95AD029167D3D003F6360 /* MtlKernelRender.swift in Sources */ = {isa = PBXBuildFile; fileRef = 80E95ABE29167D3D003F6360 /* MtlKernelRender.swift */; };
		80E95AD129167D3D003F6360 /* MtlKernelRecord.swift in Sources */ = {isa = PBXBuildFile; fileRef = 80E95ABF29167D3D003F6360 /* MtlKernelRecord.swift */; };
		80E95AD229167D3D003F6360 /* MtlKernelCamera.swift in Sources */ = {isa = PBXBuildFile; fileRef = 80E95AC029167D3D003F6360 /* MtlKernelCamera.swift */; };
		80E95AD329167D3D003F6360 /* CameraSesssion+Video.swift in Sources */ = {isa = PBXBuildFile; fileRef = 80E95AC129167D3D003F6360 /* CameraSesssion+Video.swift */; };
		80E95AD429167D3D003F6360 /* MtlKernelColorize.swift in Sources */ = {isa = PBXBuildFile; fileRef = 80E95AC229167D3D003F6360 /* MtlKernelColorize.swift */; };
		80E95AD529167D3D003F6360 /* MtlKernelDraw.swift in Sources */ = {isa = PBXBuildFile; fileRef = 80E95AC329167D3D003F6360 /* MtlKernelDraw.swift */; };
		80E95AD629167D3D003F6360 /* MtlVertex.swift in Sources */ = {isa = PBXBuildFile; fileRef = 80E95AC429167D3D003F6360 /* MtlVertex.swift */; };
		80E95AD729167D3D003F6360 /* MtlSnapshot.swift in Sources */ = {isa = PBXBuildFile; fileRef = 80E95AC529167D3D003F6360 /* MtlSnapshot.swift */; };
		80E95AD829167D3D003F6360 /* MtlBuffer.swift in Sources */ = {isa = PBXBuildFile; fileRef = 80E95AC629167D3D003F6360 /* MtlBuffer.swift */; };
		80E95AD929167D3D003F6360 /* MtKernel.swift in Sources */ = {isa = PBXBuildFile; fileRef = 80E95AC729167D3D003F6360 /* MtKernel.swift */; };
		80E95ADA29167D3D003F6360 /* CameraTypes.swift in Sources */ = {isa = PBXBuildFile; fileRef = 80E95AC829167D3D003F6360 /* CameraTypes.swift */; };
		80E95ADB29167D3D003F6360 /* MtlNode.swift in Sources */ = {isa = PBXBuildFile; fileRef = 80E95AC929167D3D003F6360 /* MtlNode.swift */; };
		80E95ADC29167D3D003F6360 /* MtlTexCache.swift in Sources */ = {isa = PBXBuildFile; fileRef = 80E95ACA29167D3D003F6360 /* MtlTexCache.swift */; };
		80E95ADD29167D3D003F6360 /* MtlKernelCompute.swift in Sources */ = {isa = PBXBuildFile; fileRef = 80E95ACB29167D3D003F6360 /* MtlKernelCompute.swift */; };
		80E95ADE29167D3D003F6360 /* MtlNode+Buffer.swift in Sources */ = {isa = PBXBuildFile; fileRef = 80E95ACC29167D3D003F6360 /* MtlNode+Buffer.swift */; };
		80E95ADF29167D3D003F6360 /* MtlKernelCamix.swift in Sources */ = {isa = PBXBuildFile; fileRef = 80E95ACD29167D3D003F6360 /* MtlKernelCamix.swift */; };
		80E95AE029167D3D003F6360 /* CameraSession.swift in Sources */ = {isa = PBXBuildFile; fileRef = 80E95ACE29167D3D003F6360 /* CameraSession.swift */; };
		80E95AEB29167D50003F6360 /* UIApplication+extension.swift in Sources */ = {isa = PBXBuildFile; fileRef = 80E95AE229167D50003F6360 /* UIApplication+extension.swift */; };
		80E95AEC29167D50003F6360 /* MuOrientation.swift in Sources */ = {isa = PBXBuildFile; fileRef = 80E95AE329167D50003F6360 /* MuOrientation.swift */; };
		80E95AED29167D50003F6360 /* MuDrawBox.swift in Sources */ = {isa = PBXBuildFile; fileRef = 80E95AE429167D50003F6360 /* MuDrawBox.swift */; };
		80E95AEE29167D50003F6360 /* MuDrawBubble.swift in Sources */ = {isa = PBXBuildFile; fileRef = 80E95AE529167D50003F6360 /* MuDrawBubble.swift */; };
		80E95AEF29167D50003F6360 /* UIImage+extension.swift in Sources */ = {isa = PBXBuildFile; fileRef = 80E95AE629167D50003F6360 /* UIImage+extension.swift */; };
		80E95AF029167D51003F6360 /* MuAspectFill.swift in Sources */ = {isa = PBXBuildFile; fileRef = 80E95AE729167D50003F6360 /* MuAspectFill.swift */; };
		80E95AF129167D51003F6360 /* CFTime+extension.swift in Sources */ = {isa = PBXBuildFile; fileRef = 80E95AE829167D50003F6360 /* CFTime+extension.swift */; };
		80E95AF229167D51003F6360 /* MuBezel.swift in Sources */ = {isa = PBXBuildFile; fileRef = 80E95AE929167D50003F6360 /* MuBezel.swift */; };
		80E95AF329167D51003F6360 /* CG+extension.swift in Sources */ = {isa = PBXBuildFile; fileRef = 80E95AEA29167D50003F6360 /* CG+extension.swift */; };
		80E95B06291684CE003F6360 /* MuArchive.swift in Sources */ = {isa = PBXBuildFile; fileRef = 80E95B032916837C003F6360 /* MuArchive.swift */; };
		80E95B072916853C003F6360 /* MuFile.swift in Sources */ = {isa = PBXBuildFile; fileRef = 80E95B022916837C003F6360 /* MuFile.swift */; };
		80E95B092916853C003F6360 /* MuFile-extras.swift in Sources */ = {isa = PBXBuildFile; fileRef = 80E95B042916837C003F6360 /* MuFile-extras.swift */; };
		80E95B0A29168540003F6360 /* FileManager+extension.swift in Sources */ = {isa = PBXBuildFile; fileRef = 80E95B052916837C003F6360 /* FileManager+extension.swift */; };
		80F1338228D52B560066B7D8 /* MuMidi.swift in Sources */ = {isa = PBXBuildFile; fileRef = 80F1338128D52B560066B7D8 /* MuMidi.swift */; };
		80F846E1234D016A009022F7 /* cell.camera.metal in Sources */ = {isa = PBXBuildFile; fileRef = 80F846E0234D016A009022F7 /* cell.camera.metal */; };
		80FEC39328E2003000E07437 /* TouchMenuRemote.swift in Sources */ = {isa = PBXBuildFile; fileRef = 80FEC39228E2003000E07437 /* TouchMenuRemote.swift */; };
		80FEC39728E2011B00E07437 /* TextureData.swift in Sources */ = {isa = PBXBuildFile; fileRef = 80FEC39628E2011B00E07437 /* TextureData.swift */; };
/* End PBXBuildFile section */

/* Begin PBXContainerItemProxy section */
		807048FE23378A0B0001617D /* PBXContainerItemProxy */ = {
			isa = PBXContainerItemProxy;
			containerPortal = 807048DF23378A090001617D /* Project object */;
			proxyType = 1;
			remoteGlobalIDString = 807048E623378A090001617D;
			remoteInfo = MuseSky;
		};
		8070490923378A0B0001617D /* PBXContainerItemProxy */ = {
			isa = PBXContainerItemProxy;
			containerPortal = 807048DF23378A090001617D /* Project object */;
			proxyType = 1;
			remoteGlobalIDString = 807048E623378A090001617D;
			remoteInfo = MuseSky;
		};
/* End PBXContainerItemProxy section */

/* Begin PBXCopyFilesBuildPhase section */
		8061DE1E293985030098F309 /* Embed Foundation Extensions */ = {
			isa = PBXCopyFilesBuildPhase;
			buildActionMask = 2147483647;
			dstPath = "";
			dstSubfolderSpec = 13;
			files = (
			);
			name = "Embed Foundation Extensions";
			runOnlyForDeploymentPostprocessing = 0;
		};
/* End PBXCopyFilesBuildPhase section */

/* Begin PBXFileReference section */
		80140EDA295C0323004F8FA0 /* Tr3 */ = {isa = PBXFileReference; lastKnownFileType = wrapper; name = Tr3; path = ../Packages/Tr3; sourceTree = "<group>"; };
		80140EDB295C0323004F8FA0 /* MuMenu */ = {isa = PBXFileReference; lastKnownFileType = wrapper; name = MuMenu; path = ../Packages/MuMenu; sourceTree = "<group>"; };
		80140EDC295C0323004F8FA0 /* MuSkyTr3 */ = {isa = PBXFileReference; lastKnownFileType = wrapper; name = MuSkyTr3; path = ../Packages/MuSkyTr3; sourceTree = "<group>"; };
		80140EDD295C0323004F8FA0 /* MuMenuSky */ = {isa = PBXFileReference; lastKnownFileType = wrapper; name = MuMenuSky; path = ../Packages/MuMenuSky; sourceTree = "<group>"; };
		80140EDE295C0323004F8FA0 /* Par */ = {isa = PBXFileReference; lastKnownFileType = wrapper; name = Par; path = ../Packages/Par; sourceTree = "<group>"; };
		802650D025574388005B4119 /* panel.shader.color.json.h */ = {isa = PBXFileReference; fileEncoding = 4; lastKnownFileType = sourcecode.c.h; path = panel.shader.color.json.h; sourceTree = "<group>"; };
		80437B6627D0717800348513 /* todo.txt */ = {isa = PBXFileReference; lastKnownFileType = text; path = todo.txt; sourceTree = "<group>"; };
		8061DE0A2938A8780098F309 /* MenuSkyView.swift */ = {isa = PBXFileReference; lastKnownFileType = sourcecode.swift; path = MenuSkyView.swift; sourceTree = "<group>"; };
		8061DE0C2938A8A50098F309 /* MenuSkyVms.swift */ = {isa = PBXFileReference; lastKnownFileType = sourcecode.swift; path = MenuSkyVms.swift; sourceTree = "<group>"; };
		8061DE15293985030098F309 /* NotificationService.swift */ = {isa = PBXFileReference; lastKnownFileType = sourcecode.swift; path = NotificationService.swift; sourceTree = "<group>"; };
		8061DE17293985030098F309 /* Info.plist */ = {isa = PBXFileReference; lastKnownFileType = text.plist.xml; path = Info.plist; sourceTree = "<group>"; };
		8068B7E92945C38400D15584 /* TouchViewRepresentable.swift */ = {isa = PBXFileReference; lastKnownFileType = sourcecode.swift; path = TouchViewRepresentable.swift; sourceTree = "<group>"; };
		8068B7EB2945D1B200D15584 /* TouchView+Peers.swift */ = {isa = PBXFileReference; lastKnownFileType = sourcecode.swift; path = "TouchView+Peers.swift"; sourceTree = "<group>"; };
		80703D3C23A04F570093C016 /* cell.camix.metal */ = {isa = PBXFileReference; fileEncoding = 4; lastKnownFileType = sourcecode.metal; path = cell.camix.metal; sourceTree = "<group>"; };
		807048E723378A090001617D /* Deep Muse.app */ = {isa = PBXFileReference; explicitFileType = wrapper.application; includeInIndex = 0; path = "Deep Muse.app"; sourceTree = BUILT_PRODUCTS_DIR; };
		807048EA23378A090001617D /* AppDelegate.swift */ = {isa = PBXFileReference; lastKnownFileType = sourcecode.swift; path = AppDelegate.swift; sourceTree = "<group>"; };
		807048EC23378A090001617D /* SceneDelegate.swift */ = {isa = PBXFileReference; lastKnownFileType = sourcecode.swift; path = SceneDelegate.swift; sourceTree = "<group>"; };
		807048F823378A0B0001617D /* Info.plist */ = {isa = PBXFileReference; lastKnownFileType = text.plist.xml; path = Info.plist; sourceTree = "<group>"; };
		807048FD23378A0B0001617D /* DeepMuseTests.xctest */ = {isa = PBXFileReference; explicitFileType = wrapper.cfbundle; includeInIndex = 0; path = DeepMuseTests.xctest; sourceTree = BUILT_PRODUCTS_DIR; };
		8070490123378A0B0001617D /* MuseSkyTests.swift */ = {isa = PBXFileReference; lastKnownFileType = sourcecode.swift; path = MuseSkyTests.swift; sourceTree = "<group>"; };
		8070490323378A0B0001617D /* Info.plist */ = {isa = PBXFileReference; lastKnownFileType = text.plist.xml; path = Info.plist; sourceTree = "<group>"; };
		8070490823378A0B0001617D /* DeepMuseUITests.xctest */ = {isa = PBXFileReference; explicitFileType = wrapper.cfbundle; includeInIndex = 0; path = DeepMuseUITests.xctest; sourceTree = BUILT_PRODUCTS_DIR; };
		8070490C23378A0B0001617D /* MuseSkyUITests.swift */ = {isa = PBXFileReference; lastKnownFileType = sourcecode.swift; path = MuseSkyUITests.swift; sourceTree = "<group>"; };
		8070490E23378A0B0001617D /* Info.plist */ = {isa = PBXFileReference; lastKnownFileType = text.plist.xml; path = Info.plist; sourceTree = "<group>"; };
		8070495C23378ADB0001617D /* SkyTr3.swift */ = {isa = PBXFileReference; fileEncoding = 4; lastKnownFileType = sourcecode.swift; path = SkyTr3.swift; sourceTree = "<group>"; };
		8070495E23378ADB0001617D /* MetalShaderTypes.h */ = {isa = PBXFileReference; fileEncoding = 4; lastKnownFileType = sourcecode.c.h; path = MetalShaderTypes.h; sourceTree = "<group>"; };
		8070495F23378ADB0001617D /* cell.fred.metal */ = {isa = PBXFileReference; fileEncoding = 4; lastKnownFileType = sourcecode.metal; path = cell.fred.metal; sourceTree = "<group>"; };
		8070496023378ADB0001617D /* cell.ave.metal */ = {isa = PBXFileReference; fileEncoding = 4; lastKnownFileType = sourcecode.metal; path = cell.ave.metal; sourceTree = "<group>"; };
		8070496123378ADB0001617D /* cell.mod.metal */ = {isa = PBXFileReference; fileEncoding = 4; lastKnownFileType = sourcecode.metal; path = cell.mod.metal; sourceTree = "<group>"; };
		8070496223378ADB0001617D /* cell.fade.metal */ = {isa = PBXFileReference; fileEncoding = 4; lastKnownFileType = sourcecode.metal; path = cell.fade.metal; sourceTree = "<group>"; };
		8070496323378ADB0001617D /* pipe.color.metal */ = {isa = PBXFileReference; fileEncoding = 4; lastKnownFileType = sourcecode.metal; path = pipe.color.metal; sourceTree = "<group>"; };
		8070496423378ADB0001617D /* cell.tunl.metal */ = {isa = PBXFileReference; fileEncoding = 4; lastKnownFileType = sourcecode.metal; path = cell.tunl.metal; sourceTree = "<group>"; };
		8070496523378ADB0001617D /* cell.erode.metal */ = {isa = PBXFileReference; fileEncoding = 4; lastKnownFileType = sourcecode.metal; path = cell.erode.metal; sourceTree = "<group>"; };
		8070496623378ADB0001617D /* cell.zha.metal */ = {isa = PBXFileReference; fileEncoding = 4; lastKnownFileType = sourcecode.metal; path = cell.zha.metal; sourceTree = "<group>"; };
		8070496723378ADB0001617D /* pipe.draw.metal */ = {isa = PBXFileReference; fileEncoding = 4; lastKnownFileType = sourcecode.metal; path = pipe.draw.metal; sourceTree = "<group>"; };
		8070496823378ADB0001617D /* cell.melt.metal */ = {isa = PBXFileReference; fileEncoding = 4; lastKnownFileType = sourcecode.metal; path = cell.melt.metal; sourceTree = "<group>"; };
		8070496923378ADB0001617D /* pipe.render.metal */ = {isa = PBXFileReference; fileEncoding = 4; lastKnownFileType = sourcecode.metal; path = pipe.render.metal; sourceTree = "<group>"; };
		8070496A23378ADB0001617D /* cell.slide.metal */ = {isa = PBXFileReference; fileEncoding = 4; lastKnownFileType = sourcecode.metal; path = cell.slide.metal; sourceTree = "<group>"; };
		8070496C23378ADB0001617D /* TouchView.swift */ = {isa = PBXFileReference; fileEncoding = 4; lastKnownFileType = sourcecode.swift; path = TouchView.swift; sourceTree = "<group>"; };
		8070496D23378ADB0001617D /* TouchCanvas.swift */ = {isa = PBXFileReference; fileEncoding = 4; lastKnownFileType = sourcecode.swift; path = TouchCanvas.swift; sourceTree = "<group>"; };
		8070496F23378ADB0001617D /* TouchCanvasItem.swift */ = {isa = PBXFileReference; fileEncoding = 4; lastKnownFileType = sourcecode.swift; path = TouchCanvasItem.swift; sourceTree = "<group>"; };
		8070497023378ADB0001617D /* TouchDraw.swift */ = {isa = PBXFileReference; fileEncoding = 4; lastKnownFileType = sourcecode.swift; path = TouchDraw.swift; sourceTree = "<group>"; };
		8070497223378ADB0001617D /* SkyWorkLink.swift */ = {isa = PBXFileReference; fileEncoding = 4; lastKnownFileType = sourcecode.swift; path = SkyWorkLink.swift; sourceTree = "<group>"; };
		8070497323378ADB0001617D /* SkyPipeline.swift */ = {isa = PBXFileReference; fileEncoding = 4; lastKnownFileType = sourcecode.swift; path = SkyPipeline.swift; sourceTree = "<group>"; };
		8070497423378ADB0001617D /* SkyVC.swift */ = {isa = PBXFileReference; fileEncoding = 4; lastKnownFileType = sourcecode.swift; path = SkyVC.swift; sourceTree = "<group>"; };
		8070497523378ADB0001617D /* SkyMetal.swift */ = {isa = PBXFileReference; fileEncoding = 4; lastKnownFileType = sourcecode.swift; path = SkyMetal.swift; sourceTree = "<group>"; };
		8070497723378ADB0001617D /* SkyMain.swift */ = {isa = PBXFileReference; fileEncoding = 4; lastKnownFileType = sourcecode.swift; path = SkyMain.swift; sourceTree = "<group>"; };
		8070497823378ADB0001617D /* SkyColor.swift */ = {isa = PBXFileReference; fileEncoding = 4; lastKnownFileType = sourcecode.swift; path = SkyColor.swift; sourceTree = "<group>"; };
		8070497B23378ADB0001617D /* scratch2.h */ = {isa = PBXFileReference; fileEncoding = 4; lastKnownFileType = sourcecode.c.h; path = scratch2.h; sourceTree = "<group>"; };
		80704A7723378C1A0001617D /* Metal.framework */ = {isa = PBXFileReference; lastKnownFileType = wrapper.framework; name = Metal.framework; path = System/Library/Frameworks/Metal.framework; sourceTree = SDKROOT; };
		80704A7823378C1B0001617D /* MetalKit.framework */ = {isa = PBXFileReference; lastKnownFileType = wrapper.framework; name = MetalKit.framework; path = System/Library/Frameworks/MetalKit.framework; sourceTree = SDKROOT; };
		8079629E2558A415005BBFA6 /* sketch.h */ = {isa = PBXFileReference; lastKnownFileType = sourcecode.c.h; path = sketch.h; sourceTree = "<group>"; };
		8082FD8624B2589A002F880A /* scratch1.h */ = {isa = PBXFileReference; lastKnownFileType = sourcecode.c.h; path = scratch1.h; sourceTree = "<group>"; };
		80892A0C26A9D6B300332A15 /* MuAudio.swift */ = {isa = PBXFileReference; lastKnownFileType = sourcecode.swift; path = MuAudio.swift; sourceTree = "<group>"; };
		80951DA723A1AA2700FB9DFA /* SkyPipeline+update.swift */ = {isa = PBXFileReference; lastKnownFileType = sourcecode.swift; path = "SkyPipeline+update.swift"; sourceTree = "<group>"; };
		80C3D8F72964104A00EBB0A3 /* TouchMenuLocal.swift */ = {isa = PBXFileReference; lastKnownFileType = sourcecode.swift; path = TouchMenuLocal.swift; sourceTree = "<group>"; };
		80D5EA8A2914DDE800C619BE /* MuMidiListener.swift */ = {isa = PBXFileReference; lastKnownFileType = sourcecode.swift; path = MuMidiListener.swift; sourceTree = "<group>"; };
		80D5EA8C2914DE1F00C619BE /* MidiTr3.swift */ = {isa = PBXFileReference; lastKnownFileType = sourcecode.swift; path = MidiTr3.swift; sourceTree = "<group>"; };
		80D5EA8E2914DE7500C619BE /* MidiLog.swift */ = {isa = PBXFileReference; lastKnownFileType = sourcecode.swift; path = MidiLog.swift; sourceTree = "<group>"; };
		80DC21842337ACFB00B99CD9 /* Assets.xcassets */ = {isa = PBXFileReference; lastKnownFileType = folder.assetcatalog; path = Assets.xcassets; sourceTree = "<group>"; };
		80DC21852337ADB000B99CD9 /* LaunchScreen.storyboard */ = {isa = PBXFileReference; fileEncoding = 4; lastKnownFileType = file.storyboard; path = LaunchScreen.storyboard; sourceTree = "<group>"; };
		80DC21862337ADB000B99CD9 /* Main.storyboard */ = {isa = PBXFileReference; fileEncoding = 4; lastKnownFileType = file.storyboard; path = Main.storyboard; sourceTree = "<group>"; };
		80E95AA529167B91003F6360 /* ColorSplice.swift */ = {isa = PBXFileReference; fileEncoding = 4; lastKnownFileType = sourcecode.swift; path = ColorSplice.swift; sourceTree = "<group>"; };
		80E95AA629167B91003F6360 /* ColorRgb.swift */ = {isa = PBXFileReference; fileEncoding = 4; lastKnownFileType = sourcecode.swift; path = ColorRgb.swift; sourceTree = "<group>"; };
		80E95AA729167B91003F6360 /* ColorHsv.swift */ = {isa = PBXFileReference; fileEncoding = 4; lastKnownFileType = sourcecode.swift; path = ColorHsv.swift; sourceTree = "<group>"; };
		80E95AA829167B91003F6360 /* ColorSet.swift */ = {isa = PBXFileReference; fileEncoding = 4; lastKnownFileType = sourcecode.swift; path = ColorSet.swift; sourceTree = "<group>"; };
		80E95AA929167B91003F6360 /* MuColor.swift */ = {isa = PBXFileReference; fileEncoding = 4; lastKnownFileType = sourcecode.swift; path = MuColor.swift; sourceTree = "<group>"; };
		80E95AB029167CC7003F6360 /* CubicInterval.swift */ = {isa = PBXFileReference; fileEncoding = 4; lastKnownFileType = sourcecode.swift; path = CubicInterval.swift; sourceTree = "<group>"; };
		80E95AB129167CC7003F6360 /* CubicPoints.swift */ = {isa = PBXFileReference; fileEncoding = 4; lastKnownFileType = sourcecode.swift; path = CubicPoints.swift; sourceTree = "<group>"; };
		80E95AB229167CC7003F6360 /* CubicPoly.swift */ = {isa = PBXFileReference; fileEncoding = 4; lastKnownFileType = sourcecode.swift; path = CubicPoly.swift; sourceTree = "<group>"; };
		80E95AB329167CC7003F6360 /* CubicQuad.swift */ = {isa = PBXFileReference; fileEncoding = 4; lastKnownFileType = sourcecode.swift; path = CubicQuad.swift; sourceTree = "<group>"; };
		80E95AB429167CC7003F6360 /* CubicXY.swift */ = {isa = PBXFileReference; fileEncoding = 4; lastKnownFileType = sourcecode.swift; path = CubicXY.swift; sourceTree = "<group>"; };
		80E95AB529167CC7003F6360 /* CubicXYR.swift */ = {isa = PBXFileReference; fileEncoding = 4; lastKnownFileType = sourcecode.swift; path = CubicXYR.swift; sourceTree = "<group>"; };
		80E95ABD29167D3D003F6360 /* MtlNode+Insert.swift */ = {isa = PBXFileReference; fileEncoding = 4; lastKnownFileType = sourcecode.swift; path = "MtlNode+Insert.swift"; sourceTree = "<group>"; };
		80E95ABE29167D3D003F6360 /* MtlKernelRender.swift */ = {isa = PBXFileReference; fileEncoding = 4; lastKnownFileType = sourcecode.swift; path = MtlKernelRender.swift; sourceTree = "<group>"; };
		80E95ABF29167D3D003F6360 /* MtlKernelRecord.swift */ = {isa = PBXFileReference; fileEncoding = 4; lastKnownFileType = sourcecode.swift; path = MtlKernelRecord.swift; sourceTree = "<group>"; };
		80E95AC029167D3D003F6360 /* MtlKernelCamera.swift */ = {isa = PBXFileReference; fileEncoding = 4; lastKnownFileType = sourcecode.swift; path = MtlKernelCamera.swift; sourceTree = "<group>"; };
		80E95AC129167D3D003F6360 /* CameraSesssion+Video.swift */ = {isa = PBXFileReference; fileEncoding = 4; lastKnownFileType = sourcecode.swift; path = "CameraSesssion+Video.swift"; sourceTree = "<group>"; };
		80E95AC229167D3D003F6360 /* MtlKernelColorize.swift */ = {isa = PBXFileReference; fileEncoding = 4; lastKnownFileType = sourcecode.swift; path = MtlKernelColorize.swift; sourceTree = "<group>"; };
		80E95AC329167D3D003F6360 /* MtlKernelDraw.swift */ = {isa = PBXFileReference; fileEncoding = 4; lastKnownFileType = sourcecode.swift; path = MtlKernelDraw.swift; sourceTree = "<group>"; };
		80E95AC429167D3D003F6360 /* MtlVertex.swift */ = {isa = PBXFileReference; fileEncoding = 4; lastKnownFileType = sourcecode.swift; path = MtlVertex.swift; sourceTree = "<group>"; };
		80E95AC529167D3D003F6360 /* MtlSnapshot.swift */ = {isa = PBXFileReference; fileEncoding = 4; lastKnownFileType = sourcecode.swift; path = MtlSnapshot.swift; sourceTree = "<group>"; };
		80E95AC629167D3D003F6360 /* MtlBuffer.swift */ = {isa = PBXFileReference; fileEncoding = 4; lastKnownFileType = sourcecode.swift; path = MtlBuffer.swift; sourceTree = "<group>"; };
		80E95AC729167D3D003F6360 /* MtKernel.swift */ = {isa = PBXFileReference; fileEncoding = 4; lastKnownFileType = sourcecode.swift; path = MtKernel.swift; sourceTree = "<group>"; };
		80E95AC829167D3D003F6360 /* CameraTypes.swift */ = {isa = PBXFileReference; fileEncoding = 4; lastKnownFileType = sourcecode.swift; path = CameraTypes.swift; sourceTree = "<group>"; };
		80E95AC929167D3D003F6360 /* MtlNode.swift */ = {isa = PBXFileReference; fileEncoding = 4; lastKnownFileType = sourcecode.swift; path = MtlNode.swift; sourceTree = "<group>"; };
		80E95ACA29167D3D003F6360 /* MtlTexCache.swift */ = {isa = PBXFileReference; fileEncoding = 4; lastKnownFileType = sourcecode.swift; path = MtlTexCache.swift; sourceTree = "<group>"; };
		80E95ACB29167D3D003F6360 /* MtlKernelCompute.swift */ = {isa = PBXFileReference; fileEncoding = 4; lastKnownFileType = sourcecode.swift; path = MtlKernelCompute.swift; sourceTree = "<group>"; };
		80E95ACC29167D3D003F6360 /* MtlNode+Buffer.swift */ = {isa = PBXFileReference; fileEncoding = 4; lastKnownFileType = sourcecode.swift; path = "MtlNode+Buffer.swift"; sourceTree = "<group>"; };
		80E95ACD29167D3D003F6360 /* MtlKernelCamix.swift */ = {isa = PBXFileReference; fileEncoding = 4; lastKnownFileType = sourcecode.swift; path = MtlKernelCamix.swift; sourceTree = "<group>"; };
		80E95ACE29167D3D003F6360 /* CameraSession.swift */ = {isa = PBXFileReference; fileEncoding = 4; lastKnownFileType = sourcecode.swift; path = CameraSession.swift; sourceTree = "<group>"; };
		80E95AE229167D50003F6360 /* UIApplication+extension.swift */ = {isa = PBXFileReference; fileEncoding = 4; lastKnownFileType = sourcecode.swift; path = "UIApplication+extension.swift"; sourceTree = "<group>"; };
		80E95AE329167D50003F6360 /* MuOrientation.swift */ = {isa = PBXFileReference; fileEncoding = 4; lastKnownFileType = sourcecode.swift; path = MuOrientation.swift; sourceTree = "<group>"; };
		80E95AE429167D50003F6360 /* MuDrawBox.swift */ = {isa = PBXFileReference; fileEncoding = 4; lastKnownFileType = sourcecode.swift; path = MuDrawBox.swift; sourceTree = "<group>"; };
		80E95AE529167D50003F6360 /* MuDrawBubble.swift */ = {isa = PBXFileReference; fileEncoding = 4; lastKnownFileType = sourcecode.swift; path = MuDrawBubble.swift; sourceTree = "<group>"; };
		80E95AE629167D50003F6360 /* UIImage+extension.swift */ = {isa = PBXFileReference; fileEncoding = 4; lastKnownFileType = sourcecode.swift; path = "UIImage+extension.swift"; sourceTree = "<group>"; };
		80E95AE729167D50003F6360 /* MuAspectFill.swift */ = {isa = PBXFileReference; fileEncoding = 4; lastKnownFileType = sourcecode.swift; path = MuAspectFill.swift; sourceTree = "<group>"; };
		80E95AE829167D50003F6360 /* CFTime+extension.swift */ = {isa = PBXFileReference; fileEncoding = 4; lastKnownFileType = sourcecode.swift; path = "CFTime+extension.swift"; sourceTree = "<group>"; };
		80E95AE929167D50003F6360 /* MuBezel.swift */ = {isa = PBXFileReference; fileEncoding = 4; lastKnownFileType = sourcecode.swift; path = MuBezel.swift; sourceTree = "<group>"; };
		80E95AEA29167D50003F6360 /* CG+extension.swift */ = {isa = PBXFileReference; fileEncoding = 4; lastKnownFileType = sourcecode.swift; path = "CG+extension.swift"; sourceTree = "<group>"; };
		80E95B022916837C003F6360 /* MuFile.swift */ = {isa = PBXFileReference; lastKnownFileType = sourcecode.swift; path = MuFile.swift; sourceTree = "<group>"; };
		80E95B032916837C003F6360 /* MuArchive.swift */ = {isa = PBXFileReference; lastKnownFileType = sourcecode.swift; path = MuArchive.swift; sourceTree = "<group>"; };
		80E95B042916837C003F6360 /* MuFile-extras.swift */ = {isa = PBXFileReference; lastKnownFileType = sourcecode.swift; path = "MuFile-extras.swift"; sourceTree = "<group>"; };
		80E95B052916837C003F6360 /* FileManager+extension.swift */ = {isa = PBXFileReference; lastKnownFileType = sourcecode.swift; path = "FileManager+extension.swift"; sourceTree = "<group>"; };
		80F1338128D52B560066B7D8 /* MuMidi.swift */ = {isa = PBXFileReference; fileEncoding = 4; lastKnownFileType = sourcecode.swift; path = MuMidi.swift; sourceTree = "<group>"; };
		80F846E0234D016A009022F7 /* cell.camera.metal */ = {isa = PBXFileReference; fileEncoding = 4; lastKnownFileType = sourcecode.metal; path = cell.camera.metal; sourceTree = "<group>"; };
		80FEC39228E2003000E07437 /* TouchMenuRemote.swift */ = {isa = PBXFileReference; lastKnownFileType = sourcecode.swift; path = TouchMenuRemote.swift; sourceTree = "<group>"; };
		80FEC39628E2011B00E07437 /* TextureData.swift */ = {isa = PBXFileReference; lastKnownFileType = sourcecode.swift; path = TextureData.swift; sourceTree = "<group>"; };
/* End PBXFileReference section */

/* Begin PBXFrameworksBuildPhase section */
		807048E423378A090001617D /* Frameworks */ = {
			isa = PBXFrameworksBuildPhase;
			buildActionMask = 2147483647;
			files = (
				802C5BD0265AEC6000DBFFEA /* Par in Frameworks */,
				80BDD7CA28919CF000C6E2BF /* MuMenu in Frameworks */,
				80704B3C23378DB40001617D /* Tr3 in Frameworks */,
				80704A7923378C1B0001617D /* Metal.framework in Frameworks */,
				80704A7A23378C1B0001617D /* MetalKit.framework in Frameworks */,
				808E90DC2338B4D0004EB9C9 /* ZIPFoundation in Frameworks */,
				80B70CC42576ACDE007BAAA8 /* AudioKit in Frameworks */,
				8017909528A219FF0013F48A /* MuMenuSky in Frameworks */,
			);
			runOnlyForDeploymentPostprocessing = 0;
		};
		807048FA23378A0B0001617D /* Frameworks */ = {
			isa = PBXFrameworksBuildPhase;
			buildActionMask = 2147483647;
			files = (
			);
			runOnlyForDeploymentPostprocessing = 0;
		};
		8070490523378A0B0001617D /* Frameworks */ = {
			isa = PBXFrameworksBuildPhase;
			buildActionMask = 2147483647;
			files = (
			);
			runOnlyForDeploymentPostprocessing = 0;
		};
/* End PBXFrameworksBuildPhase section */

/* Begin PBXGroup section */
		802C5BD1265B2D3700DBFFEA /* Xplore */ = {
			isa = PBXGroup;
			children = (
				80D6AAAA264C829600CBAF99 /* tr3_maybe */,
				80D045EF2597A6D3008DBF6B /* Scratch */,
			);
			path = Xplore;
			sourceTree = "<group>";
		};
		8061DE14293985030098F309 /* MuseSky */ = {
			isa = PBXGroup;
			children = (
				8061DE15293985030098F309 /* NotificationService.swift */,
				8061DE17293985030098F309 /* Info.plist */,
			);
			path = MuseSky;
			sourceTree = "<group>";
		};
		807048DE23378A090001617D = {
			isa = PBXGroup;
			children = (
				80140EDB295C0323004F8FA0 /* MuMenu */,
				80140EDD295C0323004F8FA0 /* MuMenuSky */,
				80140EDC295C0323004F8FA0 /* MuSkyTr3 */,
				80140EDE295C0323004F8FA0 /* Par */,
				80140EDA295C0323004F8FA0 /* Tr3 */,
				807048E923378A090001617D /* App */,
				80E95AFF29168323003F6360 /* Mu */,
				8097DC472833E2A300059A59 /* Sky */,
				8070496B23378ADB0001617D /* Touch */,
				8070495D23378ADB0001617D /* Metal */,
				8070490023378A0B0001617D /* MuseSkyTests */,
				8070490B23378A0B0001617D /* MuseSkyUITests */,
				8061DE14293985030098F309 /* MuseSky */,
				807048E823378A090001617D /* Products */,
				80704A7623378C1A0001617D /* Frameworks */,
				802C5BD1265B2D3700DBFFEA /* Xplore */,
			);
			sourceTree = "<group>";
		};
		807048E823378A090001617D /* Products */ = {
			isa = PBXGroup;
			children = (
				807048E723378A090001617D /* Deep Muse.app */,
				807048FD23378A0B0001617D /* DeepMuseTests.xctest */,
				8070490823378A0B0001617D /* DeepMuseUITests.xctest */,
			);
			name = Products;
			sourceTree = "<group>";
		};
		807048E923378A090001617D /* App */ = {
			isa = PBXGroup;
			children = (
				80DC21842337ACFB00B99CD9 /* Assets.xcassets */,
				80DC21852337ADB000B99CD9 /* LaunchScreen.storyboard */,
				80DC21862337ADB000B99CD9 /* Main.storyboard */,
				807048EA23378A090001617D /* AppDelegate.swift */,
				807048EC23378A090001617D /* SceneDelegate.swift */,
				807048F823378A0B0001617D /* Info.plist */,
			);
			path = App;
			sourceTree = "<group>";
		};
		8070490023378A0B0001617D /* MuseSkyTests */ = {
			isa = PBXGroup;
			children = (
				8070490123378A0B0001617D /* MuseSkyTests.swift */,
				8070490323378A0B0001617D /* Info.plist */,
			);
			path = MuseSkyTests;
			sourceTree = "<group>";
		};
		8070490B23378A0B0001617D /* MuseSkyUITests */ = {
			isa = PBXGroup;
			children = (
				8070490C23378A0B0001617D /* MuseSkyUITests.swift */,
				8070490E23378A0B0001617D /* Info.plist */,
			);
			path = MuseSkyUITests;
			sourceTree = "<group>";
		};
		8070495D23378ADB0001617D /* Metal */ = {
			isa = PBXGroup;
			children = (
				8070495E23378ADB0001617D /* MetalShaderTypes.h */,
				8070496323378ADB0001617D /* pipe.color.metal */,
				8070496923378ADB0001617D /* pipe.render.metal */,
				8070496723378ADB0001617D /* pipe.draw.metal */,
				80F846E0234D016A009022F7 /* cell.camera.metal */,
				80703D3C23A04F570093C016 /* cell.camix.metal */,
				8070495F23378ADB0001617D /* cell.fred.metal */,
				8070496023378ADB0001617D /* cell.ave.metal */,
				8070496123378ADB0001617D /* cell.mod.metal */,
				8070496223378ADB0001617D /* cell.fade.metal */,
				8070496423378ADB0001617D /* cell.tunl.metal */,
				8070496523378ADB0001617D /* cell.erode.metal */,
				8070496623378ADB0001617D /* cell.zha.metal */,
				8070496823378ADB0001617D /* cell.melt.metal */,
				8070496A23378ADB0001617D /* cell.slide.metal */,
				80FEC39628E2011B00E07437 /* TextureData.swift */,
			);
			path = Metal;
			sourceTree = "<group>";
		};
		8070496B23378ADB0001617D /* Touch */ = {
			isa = PBXGroup;
			children = (
				8070496C23378ADB0001617D /* TouchView.swift */,
				8068B7E92945C38400D15584 /* TouchViewRepresentable.swift */,
				8068B7EB2945D1B200D15584 /* TouchView+Peers.swift */,
				8070496D23378ADB0001617D /* TouchCanvas.swift */,
				80FEC39228E2003000E07437 /* TouchMenuRemote.swift */,
				80C3D8F72964104A00EBB0A3 /* TouchMenuLocal.swift */,
				8070496F23378ADB0001617D /* TouchCanvasItem.swift */,
				8070497023378ADB0001617D /* TouchDraw.swift */,
			);
			path = Touch;
			sourceTree = "<group>";
		};
		80704A7623378C1A0001617D /* Frameworks */ = {
			isa = PBXGroup;
			children = (
				80704A7723378C1A0001617D /* Metal.framework */,
				80704A7823378C1B0001617D /* MetalKit.framework */,
			);
			name = Frameworks;
			sourceTree = "<group>";
		};
		8097DC472833E2A300059A59 /* Sky */ = {
			isa = PBXGroup;
			children = (
				8070497723378ADB0001617D /* SkyMain.swift */,
				8070495C23378ADB0001617D /* SkyTr3.swift */,
				8070497423378ADB0001617D /* SkyVC.swift */,
				8061DE0C2938A8A50098F309 /* MenuSkyVms.swift */,
				8061DE0A2938A8780098F309 /* MenuSkyView.swift */,
				8070497323378ADB0001617D /* SkyPipeline.swift */,
				80951DA723A1AA2700FB9DFA /* SkyPipeline+update.swift */,
				8070497223378ADB0001617D /* SkyWorkLink.swift */,
				8070497523378ADB0001617D /* SkyMetal.swift */,
				8070497823378ADB0001617D /* SkyColor.swift */,
			);
			path = Sky;
			sourceTree = "<group>";
		};
		80B9E12325169B6F0074AEEA /* MuAudio */ = {
			isa = PBXGroup;
			children = (
				80F1338128D52B560066B7D8 /* MuMidi.swift */,
				80D5EA8E2914DE7500C619BE /* MidiLog.swift */,
				80D5EA8C2914DE1F00C619BE /* MidiTr3.swift */,
				80D5EA8A2914DDE800C619BE /* MuMidiListener.swift */,
				80892A0C26A9D6B300332A15 /* MuAudio.swift */,
			);
			path = MuAudio;
			sourceTree = "<group>";
		};
		80D045EF2597A6D3008DBF6B /* Scratch */ = {
			isa = PBXGroup;
			children = (
				8082FD8624B2589A002F880A /* scratch1.h */,
				8070497B23378ADB0001617D /* scratch2.h */,
				80437B6627D0717800348513 /* todo.txt */,
				8079629E2558A415005BBFA6 /* sketch.h */,
			);
			path = Scratch;
			sourceTree = "<group>";
		};
		80D6AAAA264C829600CBAF99 /* tr3_maybe */ = {
			isa = PBXGroup;
			children = (
				802650D025574388005B4119 /* panel.shader.color.json.h */,
			);
			path = tr3_maybe;
			sourceTree = "<group>";
		};
		80E95AA429167B91003F6360 /* MuColor */ = {
			isa = PBXGroup;
			children = (
				80E95AA529167B91003F6360 /* ColorSplice.swift */,
				80E95AA629167B91003F6360 /* ColorRgb.swift */,
				80E95AA729167B91003F6360 /* ColorHsv.swift */,
				80E95AA829167B91003F6360 /* ColorSet.swift */,
				80E95AA929167B91003F6360 /* MuColor.swift */,
			);
			path = MuColor;
			sourceTree = "<group>";
		};
		80E95AAF29167CC7003F6360 /* MuCubic */ = {
			isa = PBXGroup;
			children = (
				80E95AB029167CC7003F6360 /* CubicInterval.swift */,
				80E95AB129167CC7003F6360 /* CubicPoints.swift */,
				80E95AB229167CC7003F6360 /* CubicPoly.swift */,
				80E95AB329167CC7003F6360 /* CubicQuad.swift */,
				80E95AB429167CC7003F6360 /* CubicXY.swift */,
				80E95AB529167CC7003F6360 /* CubicXYR.swift */,
			);
			path = MuCubic;
			sourceTree = "<group>";
		};
		80E95ABC29167D3D003F6360 /* MuMetal */ = {
			isa = PBXGroup;
			children = (
				80E95ABD29167D3D003F6360 /* MtlNode+Insert.swift */,
				80E95ABE29167D3D003F6360 /* MtlKernelRender.swift */,
				80E95ABF29167D3D003F6360 /* MtlKernelRecord.swift */,
				80E95AC029167D3D003F6360 /* MtlKernelCamera.swift */,
				80E95AC229167D3D003F6360 /* MtlKernelColorize.swift */,
				80E95AC329167D3D003F6360 /* MtlKernelDraw.swift */,
				80E95AC429167D3D003F6360 /* MtlVertex.swift */,
				80E95AC529167D3D003F6360 /* MtlSnapshot.swift */,
				80E95AC629167D3D003F6360 /* MtlBuffer.swift */,
				80E95AC729167D3D003F6360 /* MtKernel.swift */,
				80E95AC829167D3D003F6360 /* CameraTypes.swift */,
				80E95AC929167D3D003F6360 /* MtlNode.swift */,
				80E95ACA29167D3D003F6360 /* MtlTexCache.swift */,
				80E95ACB29167D3D003F6360 /* MtlKernelCompute.swift */,
				80E95ACC29167D3D003F6360 /* MtlNode+Buffer.swift */,
				80E95ACD29167D3D003F6360 /* MtlKernelCamix.swift */,
				80E95ACE29167D3D003F6360 /* CameraSession.swift */,
				80E95AC129167D3D003F6360 /* CameraSesssion+Video.swift */,
			);
			path = MuMetal;
			sourceTree = "<group>";
		};
		80E95AE129167D50003F6360 /* MuUtilities */ = {
			isa = PBXGroup;
			children = (
				80E95AE229167D50003F6360 /* UIApplication+extension.swift */,
				80E95AE329167D50003F6360 /* MuOrientation.swift */,
				80E95AE429167D50003F6360 /* MuDrawBox.swift */,
				80E95AE529167D50003F6360 /* MuDrawBubble.swift */,
				80E95AE629167D50003F6360 /* UIImage+extension.swift */,
				80E95AE729167D50003F6360 /* MuAspectFill.swift */,
				80E95AE829167D50003F6360 /* CFTime+extension.swift */,
				80E95AE929167D50003F6360 /* MuBezel.swift */,
				80E95AEA29167D50003F6360 /* CG+extension.swift */,
			);
			path = MuUtilities;
			sourceTree = "<group>";
		};
		80E95AFF29168323003F6360 /* Mu */ = {
			isa = PBXGroup;
			children = (
				80E95B0029168370003F6360 /* MuArchive */,
				80E95AE129167D50003F6360 /* MuUtilities */,
				80E95ABC29167D3D003F6360 /* MuMetal */,
				80B9E12325169B6F0074AEEA /* MuAudio */,
				80E95AA429167B91003F6360 /* MuColor */,
				80E95AAF29167CC7003F6360 /* MuCubic */,
			);
			path = Mu;
			sourceTree = "<group>";
		};
		80E95B0029168370003F6360 /* MuArchive */ = {
			isa = PBXGroup;
			children = (
				80E95B052916837C003F6360 /* FileManager+extension.swift */,
				80E95B032916837C003F6360 /* MuArchive.swift */,
				80E95B042916837C003F6360 /* MuFile-extras.swift */,
				80E95B022916837C003F6360 /* MuFile.swift */,
			);
			path = MuArchive;
			sourceTree = "<group>";
		};
/* End PBXGroup section */

/* Begin PBXNativeTarget section */
		807048E623378A090001617D /* DeepMuse */ = {
			isa = PBXNativeTarget;
			buildConfigurationList = 8070491123378A0B0001617D /* Build configuration list for PBXNativeTarget "DeepMuse" */;
			buildPhases = (
				807048E323378A090001617D /* Sources */,
				807048E423378A090001617D /* Frameworks */,
				807048E523378A090001617D /* Resources */,
				8061DE1E293985030098F309 /* Embed Foundation Extensions */,
			);
			buildRules = (
			);
			dependencies = (
			);
			name = DeepMuse;
			packageProductDependencies = (
				80704B3B23378DB40001617D /* Tr3 */,
				808E90DB2338B4D0004EB9C9 /* ZIPFoundation */,
				80B70CC32576ACDE007BAAA8 /* AudioKit */,
				802C5BCF265AEC6000DBFFEA /* Par */,
				80BDD7C928919CF000C6E2BF /* MuMenu */,
				8017909428A219FF0013F48A /* MuMenuSky */,
			);
			productName = MuseSky;
			productReference = 807048E723378A090001617D /* Deep Muse.app */;
			productType = "com.apple.product-type.application";
		};
		807048FC23378A0B0001617D /* DeepMuseTests */ = {
			isa = PBXNativeTarget;
			buildConfigurationList = 8070491423378A0B0001617D /* Build configuration list for PBXNativeTarget "DeepMuseTests" */;
			buildPhases = (
				807048F923378A0B0001617D /* Sources */,
				807048FA23378A0B0001617D /* Frameworks */,
				807048FB23378A0B0001617D /* Resources */,
			);
			buildRules = (
			);
			dependencies = (
				807048FF23378A0B0001617D /* PBXTargetDependency */,
			);
			name = DeepMuseTests;
			productName = MuseSkyTests;
			productReference = 807048FD23378A0B0001617D /* DeepMuseTests.xctest */;
			productType = "com.apple.product-type.bundle.unit-test";
		};
		8070490723378A0B0001617D /* DeepMuseUITests */ = {
			isa = PBXNativeTarget;
			buildConfigurationList = 8070491723378A0B0001617D /* Build configuration list for PBXNativeTarget "DeepMuseUITests" */;
			buildPhases = (
				8070490423378A0B0001617D /* Sources */,
				8070490523378A0B0001617D /* Frameworks */,
				8070490623378A0B0001617D /* Resources */,
			);
			buildRules = (
			);
			dependencies = (
				8070490A23378A0B0001617D /* PBXTargetDependency */,
			);
			name = DeepMuseUITests;
			productName = MuseSkyUITests;
			productReference = 8070490823378A0B0001617D /* DeepMuseUITests.xctest */;
			productType = "com.apple.product-type.bundle.ui-testing";
		};
/* End PBXNativeTarget section */

/* Begin PBXProject section */
		807048DF23378A090001617D /* Project object */ = {
			isa = PBXProject;
			attributes = {
				LastSwiftUpdateCheck = 1400;
				LastUpgradeCheck = 1400;
				ORGANIZATIONNAME = DeepMuse;
				TargetAttributes = {
					807048E623378A090001617D = {
						CreatedOnToolsVersion = 11.0;
					};
					807048FC23378A0B0001617D = {
						CreatedOnToolsVersion = 11.0;
						TestTargetID = 807048E623378A090001617D;
					};
					8070490723378A0B0001617D = {
						CreatedOnToolsVersion = 11.0;
						TestTargetID = 807048E623378A090001617D;
					};
				};
			};
			buildConfigurationList = 807048E223378A090001617D /* Build configuration list for PBXProject "DeepMuse" */;
			compatibilityVersion = "Xcode 9.3";
			developmentRegion = en;
			hasScannedForEncodings = 0;
			knownRegions = (
				en,
				Base,
			);
			mainGroup = 807048DE23378A090001617D;
			packageReferences = (
				80704B3A23378DB40001617D /* XCRemoteSwiftPackageReference "Tr3" */,
				808E90DA2338B4D0004EB9C9 /* XCRemoteSwiftPackageReference "ZIPFoundation" */,
				8062A7C025168FB300E61D38 /* XCRemoteSwiftPackageReference "AudioKit" */,
				802C5BCE265AEC6000DBFFEA /* XCRemoteSwiftPackageReference "Par" */,
				80BDD7C828919CF000C6E2BF /* XCRemoteSwiftPackageReference "MuMenu" */,
				8017909328A219FF0013F48A /* XCRemoteSwiftPackageReference "MuMenuSky" */,
			);
			productRefGroup = 807048E823378A090001617D /* Products */;
			projectDirPath = "";
			projectRoot = "";
			targets = (
				807048E623378A090001617D /* DeepMuse */,
				807048FC23378A0B0001617D /* DeepMuseTests */,
				8070490723378A0B0001617D /* DeepMuseUITests */,
			);
		};
/* End PBXProject section */

/* Begin PBXResourcesBuildPhase section */
		807048E523378A090001617D /* Resources */ = {
			isa = PBXResourcesBuildPhase;
			buildActionMask = 2147483647;
			files = (
				80BFB8CE2939CDDC00BDEE1F /* Main.storyboard in Resources */,
				80DC21892337AE9300B99CD9 /* Assets.xcassets in Resources */,
				80DC21872337ADB000B99CD9 /* LaunchScreen.storyboard in Resources */,
			);
			runOnlyForDeploymentPostprocessing = 0;
		};
		807048FB23378A0B0001617D /* Resources */ = {
			isa = PBXResourcesBuildPhase;
			buildActionMask = 2147483647;
			files = (
			);
			runOnlyForDeploymentPostprocessing = 0;
		};
		8070490623378A0B0001617D /* Resources */ = {
			isa = PBXResourcesBuildPhase;
			buildActionMask = 2147483647;
			files = (
			);
			runOnlyForDeploymentPostprocessing = 0;
		};
/* End PBXResourcesBuildPhase section */

/* Begin PBXSourcesBuildPhase section */
		807048E323378A090001617D /* Sources */ = {
			isa = PBXSourcesBuildPhase;
			buildActionMask = 2147483647;
			files = (
				80D5EA8B2914DDE800C619BE /* MuMidiListener.swift in Sources */,
				80E95AD629167D3D003F6360 /* MtlVertex.swift in Sources */,
				80E95AF229167D51003F6360 /* MuBezel.swift in Sources */,
				807049F123378ADC0001617D /* cell.fade.metal in Sources */,
				80E95AB829167CC7003F6360 /* CubicPoly.swift in Sources */,
				80FEC39328E2003000E07437 /* TouchMenuRemote.swift in Sources */,
				80E95AEB29167D50003F6360 /* UIApplication+extension.swift in Sources */,
				807049F723378ADC0001617D /* cell.melt.metal in Sources */,
				80704A0523378ADC0001617D /* SkyMain.swift in Sources */,
				80E95ADC29167D3D003F6360 /* MtlTexCache.swift in Sources */,
				8061DE0D2938A8A50098F309 /* MenuSkyVms.swift in Sources */,
				80BFB8CF2939CEAB00BDEE1F /* SceneDelegate.swift in Sources */,
				8068B7EA2945C38400D15584 /* TouchViewRepresentable.swift in Sources */,
				80E95AAC29167B91003F6360 /* ColorHsv.swift in Sources */,
				80E95AD329167D3D003F6360 /* CameraSesssion+Video.swift in Sources */,
				80E95ADA29167D3D003F6360 /* CameraTypes.swift in Sources */,
				8061DE0B2938A8780098F309 /* MenuSkyView.swift in Sources */,
				80F1338228D52B560066B7D8 /* MuMidi.swift in Sources */,
				80E95ADB29167D3D003F6360 /* MtlNode.swift in Sources */,
				80E95ABA29167CC7003F6360 /* CubicXY.swift in Sources */,
				80E95AF329167D51003F6360 /* CG+extension.swift in Sources */,
				80E95B072916853C003F6360 /* MuFile.swift in Sources */,
				80704A0023378ADC0001617D /* SkyWorkLink.swift in Sources */,
				807049FA23378ADC0001617D /* TouchView.swift in Sources */,
				80E95AD129167D3D003F6360 /* MtlKernelRecord.swift in Sources */,
				807049F623378ADC0001617D /* pipe.draw.metal in Sources */,
				80E95AEC29167D50003F6360 /* MuOrientation.swift in Sources */,
				80E95AAB29167B91003F6360 /* ColorRgb.swift in Sources */,
				80703D3D23A04F570093C016 /* cell.camix.metal in Sources */,
				807049F323378ADC0001617D /* cell.tunl.metal in Sources */,
				80E95AAE29167B91003F6360 /* MuColor.swift in Sources */,
				807049EF23378ADC0001617D /* cell.ave.metal in Sources */,
				80E95AE029167D3D003F6360 /* CameraSession.swift in Sources */,
				80E95AD929167D3D003F6360 /* MtKernel.swift in Sources */,
				80E95B06291684CE003F6360 /* MuArchive.swift in Sources */,
				80E95AED29167D50003F6360 /* MuDrawBox.swift in Sources */,
				807048EB23378A090001617D /* AppDelegate.swift in Sources */,
				80704A0123378ADC0001617D /* SkyPipeline.swift in Sources */,
				807049ED23378ADC0001617D /* SkyTr3.swift in Sources */,
				80704A0623378ADC0001617D /* SkyColor.swift in Sources */,
				80E95AD429167D3D003F6360 /* MtlKernelColorize.swift in Sources */,
				807049FE23378ADC0001617D /* TouchDraw.swift in Sources */,
				80E95AF029167D51003F6360 /* MuAspectFill.swift in Sources */,
				80D5EA8F2914DE7500C619BE /* MidiLog.swift in Sources */,
				80E95ADE29167D3D003F6360 /* MtlNode+Buffer.swift in Sources */,
				807049F523378ADC0001617D /* cell.zha.metal in Sources */,
				80D5EA8D2914DE1F00C619BE /* MidiTr3.swift in Sources */,
				807049F923378ADC0001617D /* cell.slide.metal in Sources */,
				80E95ADF29167D3D003F6360 /* MtlKernelCamix.swift in Sources */,
				80E95AD229167D3D003F6360 /* MtlKernelCamera.swift in Sources */,
				80E95AEF29167D50003F6360 /* UIImage+extension.swift in Sources */,
				80E95ACF29167D3D003F6360 /* MtlNode+Insert.swift in Sources */,
				80E95AAA29167B91003F6360 /* ColorSplice.swift in Sources */,
				80892A0D26A9D6B300332A15 /* MuAudio.swift in Sources */,
				80E95AD529167D3D003F6360 /* MtlKernelDraw.swift in Sources */,
				80E95AD829167D3D003F6360 /* MtlBuffer.swift in Sources */,
				80951DA823A1AA2700FB9DFA /* SkyPipeline+update.swift in Sources */,
				807049F223378ADC0001617D /* pipe.color.metal in Sources */,
				807049FD23378ADC0001617D /* TouchCanvasItem.swift in Sources */,
				80E95AB929167CC7003F6360 /* CubicQuad.swift in Sources */,
				80E95AF129167D51003F6360 /* CFTime+extension.swift in Sources */,
				80C3D8F82964104A00EBB0A3 /* TouchMenuLocal.swift in Sources */,
				80E95B092916853C003F6360 /* MuFile-extras.swift in Sources */,
				80E95ADD29167D3D003F6360 /* MtlKernelCompute.swift in Sources */,
				80E95AD029167D3D003F6360 /* MtlKernelRender.swift in Sources */,
				80E95AB629167CC7003F6360 /* CubicInterval.swift in Sources */,
				807049FB23378ADC0001617D /* TouchCanvas.swift in Sources */,
				807049EE23378ADC0001617D /* cell.fred.metal in Sources */,
				80704A0223378ADC0001617D /* SkyVC.swift in Sources */,
				807049F823378ADC0001617D /* pipe.render.metal in Sources */,
				807049F023378ADC0001617D /* cell.mod.metal in Sources */,
				80F846E1234D016A009022F7 /* cell.camera.metal in Sources */,
				80E95AEE29167D50003F6360 /* MuDrawBubble.swift in Sources */,
				80704A0323378ADC0001617D /* SkyMetal.swift in Sources */,
				8068B7EC2945D1B200D15584 /* TouchView+Peers.swift in Sources */,
				80E95B0A29168540003F6360 /* FileManager+extension.swift in Sources */,
				80FEC39728E2011B00E07437 /* TextureData.swift in Sources */,
				807049F423378ADC0001617D /* cell.erode.metal in Sources */,
				80E95AAD29167B91003F6360 /* ColorSet.swift in Sources */,
				80E95ABB29167CC7003F6360 /* CubicXYR.swift in Sources */,
				80E95AB729167CC7003F6360 /* CubicPoints.swift in Sources */,
				80E95AD729167D3D003F6360 /* MtlSnapshot.swift in Sources */,
			);
			runOnlyForDeploymentPostprocessing = 0;
		};
		807048F923378A0B0001617D /* Sources */ = {
			isa = PBXSourcesBuildPhase;
			buildActionMask = 2147483647;
			files = (
				8070490223378A0B0001617D /* MuseSkyTests.swift in Sources */,
			);
			runOnlyForDeploymentPostprocessing = 0;
		};
		8070490423378A0B0001617D /* Sources */ = {
			isa = PBXSourcesBuildPhase;
			buildActionMask = 2147483647;
			files = (
				8070490D23378A0B0001617D /* MuseSkyUITests.swift in Sources */,
			);
			runOnlyForDeploymentPostprocessing = 0;
		};
/* End PBXSourcesBuildPhase section */

/* Begin PBXTargetDependency section */
		807048FF23378A0B0001617D /* PBXTargetDependency */ = {
			isa = PBXTargetDependency;
			target = 807048E623378A090001617D /* DeepMuse */;
			targetProxy = 807048FE23378A0B0001617D /* PBXContainerItemProxy */;
		};
		8070490A23378A0B0001617D /* PBXTargetDependency */ = {
			isa = PBXTargetDependency;
			target = 807048E623378A090001617D /* DeepMuse */;
			targetProxy = 8070490923378A0B0001617D /* PBXContainerItemProxy */;
		};
/* End PBXTargetDependency section */

/* Begin XCBuildConfiguration section */
		8070490F23378A0B0001617D /* Debug */ = {
			isa = XCBuildConfiguration;
			buildSettings = {
				ALWAYS_SEARCH_USER_PATHS = NO;
				APPLICATION_EXTENSION_API_ONLY = NO;
				CLANG_ANALYZER_NONNULL = YES;
				CLANG_ANALYZER_NUMBER_OBJECT_CONVERSION = YES_AGGRESSIVE;
				CLANG_CXX_LANGUAGE_STANDARD = "compiler-default";
				CLANG_CXX_LIBRARY = "compiler-default";
				CLANG_ENABLE_MODULES = YES;
				CLANG_ENABLE_OBJC_ARC = NO;
				CLANG_ENABLE_OBJC_WEAK = NO;
				CLANG_WARN_BLOCK_CAPTURE_AUTORELEASING = YES;
				CLANG_WARN_BOOL_CONVERSION = YES;
				CLANG_WARN_COMMA = YES;
				CLANG_WARN_CONSTANT_CONVERSION = YES;
				CLANG_WARN_DEPRECATED_OBJC_IMPLEMENTATIONS = YES;
				CLANG_WARN_DIRECT_OBJC_ISA_USAGE = YES_ERROR;
				CLANG_WARN_DOCUMENTATION_COMMENTS = YES;
				CLANG_WARN_EMPTY_BODY = YES;
				CLANG_WARN_ENUM_CONVERSION = YES;
				CLANG_WARN_INFINITE_RECURSION = YES;
				CLANG_WARN_INT_CONVERSION = YES;
				CLANG_WARN_NON_LITERAL_NULL_CONVERSION = YES;
				CLANG_WARN_OBJC_IMPLICIT_RETAIN_SELF = YES;
				CLANG_WARN_OBJC_LITERAL_CONVERSION = YES;
				CLANG_WARN_OBJC_ROOT_CLASS = YES_ERROR;
				CLANG_WARN_QUOTED_INCLUDE_IN_FRAMEWORK_HEADER = YES;
				CLANG_WARN_RANGE_LOOP_ANALYSIS = YES;
				CLANG_WARN_STRICT_PROTOTYPES = YES;
				CLANG_WARN_SUSPICIOUS_MOVE = YES;
				CLANG_WARN_UNGUARDED_AVAILABILITY = YES_AGGRESSIVE;
				CLANG_WARN_UNREACHABLE_CODE = YES;
				CLANG_WARN__DUPLICATE_METHOD_MATCH = YES;
				COPY_PHASE_STRIP = YES;
				DEBUG_INFORMATION_FORMAT = dwarf;
				ENABLE_STRICT_OBJC_MSGSEND = NO;
				ENABLE_TESTABILITY = YES;
				GCC_C_LANGUAGE_STANDARD = "compiler-default";
				GCC_DYNAMIC_NO_PIC = NO;
				GCC_INCREASE_PRECOMPILED_HEADER_SHARING = YES;
				GCC_NO_COMMON_BLOCKS = YES;
				GCC_OPTIMIZATION_LEVEL = 0;
				GCC_PREPROCESSOR_DEFINITIONS = (
					"DEBUG=1",
					"$(inherited)",
				);
				GCC_WARN_64_TO_32_BIT_CONVERSION = YES;
				GCC_WARN_ABOUT_RETURN_TYPE = YES_ERROR;
				GCC_WARN_UNDECLARED_SELECTOR = YES;
				GCC_WARN_UNINITIALIZED_AUTOS = YES_AGGRESSIVE;
				GCC_WARN_UNUSED_FUNCTION = YES;
				GCC_WARN_UNUSED_VARIABLE = YES;
				IPHONEOS_DEPLOYMENT_TARGET = 15.6;
				MTL_ENABLE_DEBUG_INFO = INCLUDE_SOURCE;
				MTL_FAST_MATH = YES;
				ONLY_ACTIVE_ARCH = YES;
				SDKROOT = iphoneos;
				SWIFT_ACTIVE_COMPILATION_CONDITIONS = DEBUG;
				SWIFT_OPTIMIZATION_LEVEL = "-Onone";
				VALIDATE_PRODUCT = NO;
			};
			name = Debug;
		};
		8070491023378A0B0001617D /* Release */ = {
			isa = XCBuildConfiguration;
			buildSettings = {
				ALWAYS_SEARCH_USER_PATHS = NO;
				APPLICATION_EXTENSION_API_ONLY = NO;
				CLANG_ANALYZER_NONNULL = YES;
				CLANG_ANALYZER_NUMBER_OBJECT_CONVERSION = YES_AGGRESSIVE;
				CLANG_CXX_LANGUAGE_STANDARD = "compiler-default";
				CLANG_CXX_LIBRARY = "compiler-default";
				CLANG_ENABLE_MODULES = YES;
				CLANG_ENABLE_OBJC_ARC = NO;
				CLANG_ENABLE_OBJC_WEAK = NO;
				CLANG_WARN_BLOCK_CAPTURE_AUTORELEASING = YES;
				CLANG_WARN_BOOL_CONVERSION = YES;
				CLANG_WARN_COMMA = YES;
				CLANG_WARN_CONSTANT_CONVERSION = YES;
				CLANG_WARN_DEPRECATED_OBJC_IMPLEMENTATIONS = YES;
				CLANG_WARN_DIRECT_OBJC_ISA_USAGE = YES_ERROR;
				CLANG_WARN_DOCUMENTATION_COMMENTS = YES;
				CLANG_WARN_EMPTY_BODY = YES;
				CLANG_WARN_ENUM_CONVERSION = YES;
				CLANG_WARN_INFINITE_RECURSION = YES;
				CLANG_WARN_INT_CONVERSION = YES;
				CLANG_WARN_NON_LITERAL_NULL_CONVERSION = YES;
				CLANG_WARN_OBJC_IMPLICIT_RETAIN_SELF = YES;
				CLANG_WARN_OBJC_LITERAL_CONVERSION = YES;
				CLANG_WARN_OBJC_ROOT_CLASS = YES_ERROR;
				CLANG_WARN_QUOTED_INCLUDE_IN_FRAMEWORK_HEADER = YES;
				CLANG_WARN_RANGE_LOOP_ANALYSIS = YES;
				CLANG_WARN_STRICT_PROTOTYPES = YES;
				CLANG_WARN_SUSPICIOUS_MOVE = YES;
				CLANG_WARN_UNGUARDED_AVAILABILITY = YES_AGGRESSIVE;
				CLANG_WARN_UNREACHABLE_CODE = YES;
				CLANG_WARN__DUPLICATE_METHOD_MATCH = YES;
				COPY_PHASE_STRIP = YES;
				DEBUG_INFORMATION_FORMAT = "dwarf-with-dsym";
				ENABLE_NS_ASSERTIONS = YES;
				ENABLE_STRICT_OBJC_MSGSEND = NO;
				GCC_C_LANGUAGE_STANDARD = "compiler-default";
				GCC_INCREASE_PRECOMPILED_HEADER_SHARING = YES;
				GCC_NO_COMMON_BLOCKS = YES;
				GCC_WARN_64_TO_32_BIT_CONVERSION = YES;
				GCC_WARN_ABOUT_RETURN_TYPE = YES_ERROR;
				GCC_WARN_UNDECLARED_SELECTOR = YES;
				GCC_WARN_UNINITIALIZED_AUTOS = YES_AGGRESSIVE;
				GCC_WARN_UNUSED_FUNCTION = YES;
				GCC_WARN_UNUSED_VARIABLE = YES;
				IPHONEOS_DEPLOYMENT_TARGET = 15.6;
				MTL_ENABLE_DEBUG_INFO = NO;
				MTL_FAST_MATH = YES;
				ONLY_ACTIVE_ARCH = YES;
				SDKROOT = iphoneos;
				SWIFT_COMPILATION_MODE = wholemodule;
				SWIFT_OPTIMIZATION_LEVEL = "-O";
				VALIDATE_PRODUCT = NO;
			};
			name = Release;
		};
		8070491223378A0B0001617D /* Debug */ = {
			isa = XCBuildConfiguration;
			buildSettings = {
				ALWAYS_EMBED_SWIFT_STANDARD_LIBRARIES = YES;
				ASSETCATALOG_COMPILER_APPICON_NAME = AppIcon;
				CLANG_ENABLE_OBJC_WEAK = YES;
				CODE_SIGN_STYLE = Automatic;
				DEVELOPMENT_TEAM = 9AVP5GX45R;
				INFOPLIST_FILE = App/Info.plist;
				INFOPLIST_KEY_CFBundleDisplayName = "Deep Muse";
				IPHONEOS_DEPLOYMENT_TARGET = 15.6;
				LD_RUNPATH_SEARCH_PATHS = (
					"$(inherited)",
					"@executable_path/Frameworks",
				);
				ONLY_ACTIVE_ARCH = NO;
				PRODUCT_BUNDLE_IDENTIFIER = com.deepmuse.deepmuse;
				PRODUCT_NAME = "Deep Muse";
				SUPPORTED_PLATFORMS = "iphonesimulator iphoneos";
				SWIFT_DISABLE_SAFETY_CHECKS = NO;
				SWIFT_VERSION = 5.0;
				TARGETED_DEVICE_FAMILY = "1,2";
				TVOS_DEPLOYMENT_TARGET = 14.7;
			};
			name = Debug;
		};
		8070491323378A0B0001617D /* Release */ = {
			isa = XCBuildConfiguration;
			buildSettings = {
				ALWAYS_EMBED_SWIFT_STANDARD_LIBRARIES = YES;
				ASSETCATALOG_COMPILER_APPICON_NAME = AppIcon;
				CLANG_ENABLE_OBJC_WEAK = YES;
				CODE_SIGN_STYLE = Automatic;
				DEVELOPMENT_TEAM = 9AVP5GX45R;
				INFOPLIST_FILE = App/Info.plist;
				INFOPLIST_KEY_CFBundleDisplayName = "Deep Muse";
				IPHONEOS_DEPLOYMENT_TARGET = 15.6;
				LD_RUNPATH_SEARCH_PATHS = (
					"$(inherited)",
					"@executable_path/Frameworks",
				);
				ONLY_ACTIVE_ARCH = NO;
				PRODUCT_BUNDLE_IDENTIFIER = com.deepmuse.deepmuse;
				PRODUCT_NAME = "Deep Muse";
				SUPPORTED_PLATFORMS = "iphonesimulator iphoneos";
				SWIFT_DISABLE_SAFETY_CHECKS = NO;
				SWIFT_VERSION = 5.0;
				TARGETED_DEVICE_FAMILY = "1,2";
				TVOS_DEPLOYMENT_TARGET = 14.7;
			};
			name = Release;
		};
		8070491523378A0B0001617D /* Debug */ = {
			isa = XCBuildConfiguration;
			buildSettings = {
				ALWAYS_EMBED_SWIFT_STANDARD_LIBRARIES = YES;
				BUNDLE_LOADER = "$(TEST_HOST)";
				CLANG_ENABLE_OBJC_WEAK = YES;
				CODE_SIGN_STYLE = Automatic;
				DEVELOPMENT_TEAM = 9AVP5GX45R;
				INFOPLIST_FILE = MuseSkyTests/Info.plist;
				IPHONEOS_DEPLOYMENT_TARGET = 13.0;
				LD_RUNPATH_SEARCH_PATHS = (
					"$(inherited)",
					"@executable_path/Frameworks",
					"@loader_path/Frameworks",
				);
				PRODUCT_BUNDLE_IDENTIFIER = com.muse.MuseSkyTests;
				PRODUCT_NAME = "$(TARGET_NAME)";
				SWIFT_VERSION = 5.0;
				TARGETED_DEVICE_FAMILY = "1,2";
				TEST_HOST = "$(BUILT_PRODUCTS_DIR)/DeepMuse.app/DeepMuse";
			};
			name = Debug;
		};
		8070491623378A0B0001617D /* Release */ = {
			isa = XCBuildConfiguration;
			buildSettings = {
				ALWAYS_EMBED_SWIFT_STANDARD_LIBRARIES = YES;
				BUNDLE_LOADER = "$(TEST_HOST)";
				CLANG_ENABLE_OBJC_WEAK = YES;
				CODE_SIGN_STYLE = Automatic;
				DEVELOPMENT_TEAM = 9AVP5GX45R;
				INFOPLIST_FILE = MuseSkyTests/Info.plist;
				IPHONEOS_DEPLOYMENT_TARGET = 13.0;
				LD_RUNPATH_SEARCH_PATHS = (
					"$(inherited)",
					"@executable_path/Frameworks",
					"@loader_path/Frameworks",
				);
				PRODUCT_BUNDLE_IDENTIFIER = com.muse.MuseSkyTests;
				PRODUCT_NAME = "$(TARGET_NAME)";
				SWIFT_VERSION = 5.0;
				TARGETED_DEVICE_FAMILY = "1,2";
				TEST_HOST = "$(BUILT_PRODUCTS_DIR)/DeepMuse.app/DeepMuse";
			};
			name = Release;
		};
		8070491823378A0B0001617D /* Debug */ = {
			isa = XCBuildConfiguration;
			buildSettings = {
				ALWAYS_EMBED_SWIFT_STANDARD_LIBRARIES = YES;
				CLANG_ENABLE_OBJC_WEAK = YES;
				CODE_SIGN_STYLE = Automatic;
				DEVELOPMENT_TEAM = 9AVP5GX45R;
				INFOPLIST_FILE = MuseSkyUITests/Info.plist;
				LD_RUNPATH_SEARCH_PATHS = (
					"$(inherited)",
					"@executable_path/Frameworks",
					"@loader_path/Frameworks",
				);
				PRODUCT_BUNDLE_IDENTIFIER = com.muse.MuseSkyUITests;
				PRODUCT_NAME = "$(TARGET_NAME)";
				SWIFT_VERSION = 5.0;
				TARGETED_DEVICE_FAMILY = "1,2";
				TEST_TARGET_NAME = MuseSky;
			};
			name = Debug;
		};
		8070491923378A0B0001617D /* Release */ = {
			isa = XCBuildConfiguration;
			buildSettings = {
				ALWAYS_EMBED_SWIFT_STANDARD_LIBRARIES = YES;
				CLANG_ENABLE_OBJC_WEAK = YES;
				CODE_SIGN_STYLE = Automatic;
				DEVELOPMENT_TEAM = 9AVP5GX45R;
				INFOPLIST_FILE = MuseSkyUITests/Info.plist;
				LD_RUNPATH_SEARCH_PATHS = (
					"$(inherited)",
					"@executable_path/Frameworks",
					"@loader_path/Frameworks",
				);
				PRODUCT_BUNDLE_IDENTIFIER = com.muse.MuseSkyUITests;
				PRODUCT_NAME = "$(TARGET_NAME)";
				SWIFT_VERSION = 5.0;
				TARGETED_DEVICE_FAMILY = "1,2";
				TEST_TARGET_NAME = MuseSky;
			};
			name = Release;
		};
/* End XCBuildConfiguration section */

/* Begin XCConfigurationList section */
		807048E223378A090001617D /* Build configuration list for PBXProject "DeepMuse" */ = {
			isa = XCConfigurationList;
			buildConfigurations = (
				8070490F23378A0B0001617D /* Debug */,
				8070491023378A0B0001617D /* Release */,
			);
			defaultConfigurationIsVisible = 0;
			defaultConfigurationName = Release;
		};
		8070491123378A0B0001617D /* Build configuration list for PBXNativeTarget "DeepMuse" */ = {
			isa = XCConfigurationList;
			buildConfigurations = (
				8070491223378A0B0001617D /* Debug */,
				8070491323378A0B0001617D /* Release */,
			);
			defaultConfigurationIsVisible = 0;
			defaultConfigurationName = Release;
		};
		8070491423378A0B0001617D /* Build configuration list for PBXNativeTarget "DeepMuseTests" */ = {
			isa = XCConfigurationList;
			buildConfigurations = (
				8070491523378A0B0001617D /* Debug */,
				8070491623378A0B0001617D /* Release */,
			);
			defaultConfigurationIsVisible = 0;
			defaultConfigurationName = Release;
		};
		8070491723378A0B0001617D /* Build configuration list for PBXNativeTarget "DeepMuseUITests" */ = {
			isa = XCConfigurationList;
			buildConfigurations = (
				8070491823378A0B0001617D /* Debug */,
				8070491923378A0B0001617D /* Release */,
			);
			defaultConfigurationIsVisible = 0;
			defaultConfigurationName = Release;
		};
/* End XCConfigurationList section */

/* Begin XCRemoteSwiftPackageReference section */
		8017909328A219FF0013F48A /* XCRemoteSwiftPackageReference "MuMenuSky" */ = {
			isa = XCRemoteSwiftPackageReference;
			repositoryURL = "https://github.com/musesum/MuMenuSky";
			requirement = {
				branch = main;
				kind = branch;
			};
		};
		802C5BCE265AEC6000DBFFEA /* XCRemoteSwiftPackageReference "Par" */ = {
			isa = XCRemoteSwiftPackageReference;
			repositoryURL = "https://github.com/musesum/Par.git";
			requirement = {
				kind = upToNextMajorVersion;
				minimumVersion = 0.2.11;
			};
		};
		8062A7C025168FB300E61D38 /* XCRemoteSwiftPackageReference "AudioKit" */ = {
			isa = XCRemoteSwiftPackageReference;
			repositoryURL = "https://github.com/AudioKit/AudioKit";
			requirement = {
				branch = main;
				kind = branch;
			};
		};
		80704B3A23378DB40001617D /* XCRemoteSwiftPackageReference "Tr3" */ = {
			isa = XCRemoteSwiftPackageReference;
			repositoryURL = "https://github.com/musesum/Tr3.git";
			requirement = {
				kind = upToNextMajorVersion;
				minimumVersion = 0.2.11;
			};
		};
		808E90DA2338B4D0004EB9C9 /* XCRemoteSwiftPackageReference "ZIPFoundation" */ = {
			isa = XCRemoteSwiftPackageReference;
			repositoryURL = "https://github.com/weichsel/ZIPFoundation/";
			requirement = {
				kind = upToNextMajorVersion;
				minimumVersion = 0.9.9;
			};
		};
		80BDD7C828919CF000C6E2BF /* XCRemoteSwiftPackageReference "MuMenu" */ = {
			isa = XCRemoteSwiftPackageReference;
			repositoryURL = "https://github.com/musesum/MuMenu";
			requirement = {
				branch = main;
				kind = branch;
			};
		};
/* End XCRemoteSwiftPackageReference section */

/* Begin XCSwiftPackageProductDependency section */
		8017909428A219FF0013F48A /* MuMenuSky */ = {
			isa = XCSwiftPackageProductDependency;
			package = 8017909328A219FF0013F48A /* XCRemoteSwiftPackageReference "MuMenuSky" */;
			productName = MuMenuSky;
		};
		802C5BCF265AEC6000DBFFEA /* Par */ = {
			isa = XCSwiftPackageProductDependency;
			package = 802C5BCE265AEC6000DBFFEA /* XCRemoteSwiftPackageReference "Par" */;
			productName = Par;
		};
		80704B3B23378DB40001617D /* Tr3 */ = {
			isa = XCSwiftPackageProductDependency;
			package = 80704B3A23378DB40001617D /* XCRemoteSwiftPackageReference "Tr3" */;
			productName = Tr3;
		};
		808E90DB2338B4D0004EB9C9 /* ZIPFoundation */ = {
			isa = XCSwiftPackageProductDependency;
			package = 808E90DA2338B4D0004EB9C9 /* XCRemoteSwiftPackageReference "ZIPFoundation" */;
			productName = ZIPFoundation;
		};
		80B70CC32576ACDE007BAAA8 /* AudioKit */ = {
			isa = XCSwiftPackageProductDependency;
			package = 8062A7C025168FB300E61D38 /* XCRemoteSwiftPackageReference "AudioKit" */;
			productName = AudioKit;
		};
		80BDD7C928919CF000C6E2BF /* MuMenu */ = {
			isa = XCSwiftPackageProductDependency;
			package = 80BDD7C828919CF000C6E2BF /* XCRemoteSwiftPackageReference "MuMenu" */;
			productName = MuMenu;
		};
/* End XCSwiftPackageProductDependency section */
	};
	rootObject = 807048DF23378A090001617D /* Project object */;
}
